
Microsoft Visual Studio Solution File, Format Version 10.00
# Visual Studio 2008
Project("{FAE04EC0-301F-11D3-BF4B-00C04F79EFBC}") = "Nop.BusinessLogic", "Libraries\Nop.BusinessLogic\Nop.BusinessLogic.csproj", "{EDF31192-A159-48DA-A737-9935A8A5BC18}"
EndProject
Project("{2150E333-8FDC-42A3-9474-1A3956D46DE8}") = "Dependencies", "Dependencies", "{3AB03A71-3059-48C7-87D2-77AC5C7A89E4}"
	ProjectSection(SolutionItems) = preProject
		Dependencies\CSSFriendly.dll = Dependencies\CSSFriendly.dll
		Dependencies\FredCK.FCKeditorV2.dll = Dependencies\FredCK.FCKeditorV2.dll
		Dependencies\GCheckout.dll = Dependencies\GCheckout.dll
		Dependencies\itextsharp.dll = Dependencies\itextsharp.dll
		Dependencies\Microsoft.Practices.EnterpriseLibrary.Common.dll = Dependencies\Microsoft.Practices.EnterpriseLibrary.Common.dll
		Dependencies\Microsoft.Practices.EnterpriseLibrary.ExceptionHandling.dll = Dependencies\Microsoft.Practices.EnterpriseLibrary.ExceptionHandling.dll
		Dependencies\Microsoft.Practices.EnterpriseLibrary.ExceptionHandling.Logging.dll = Dependencies\Microsoft.Practices.EnterpriseLibrary.ExceptionHandling.Logging.dll
		Dependencies\Microsoft.Practices.EnterpriseLibrary.Logging.dll = Dependencies\Microsoft.Practices.EnterpriseLibrary.Logging.dll
		Dependencies\Microsoft.Practices.EnterpriseLibrary.Security.Cryptography.dll = Dependencies\Microsoft.Practices.EnterpriseLibrary.Security.Cryptography.dll
		Dependencies\Payflow_dotNET.dll = Dependencies\Payflow_dotNET.dll
		Dependencies\RssToolkit.dll = Dependencies\RssToolkit.dll
	EndProjectSection
EndProject
Project("{2150E333-8FDC-42A3-9474-1A3956D46DE8}") = "Payment", "Payment", "{4CFBCFAB-08CD-4F5B-99FA-5BA79252B520}"
EndProject
Project("{2150E333-8FDC-42A3-9474-1A3956D46DE8}") = "Shipping", "Shipping", "{07C16165-F4BA-4344-AEDE-A1DA33CEDB4C}"
EndProject
Project("{FAE04EC0-301F-11D3-BF4B-00C04F79EFBC}") = "Nop.Payment.AuthorizeNet", "Payment\Nop.Payment.AuthorizeNet\Nop.Payment.AuthorizeNet.csproj", "{9DE22C67-7C2A-4321-8501-68F024E541D5}"
EndProject
Project("{FAE04EC0-301F-11D3-BF4B-00C04F79EFBC}") = "Nop.Payment.eWay", "Payment\Nop.Payment.eWay\Nop.Payment.eWay.csproj", "{DAC5D35D-971A-49BD-AA64-2018F8C18E37}"
EndProject
Project("{FAE04EC0-301F-11D3-BF4B-00C04F79EFBC}") = "Nop.Payment.Manual", "Payment\Nop.Payment.Manual\Nop.Payment.Manual.csproj", "{1D81D88C-CB3C-43E0-A305-DA26DAD04DB9}"
EndProject
Project("{FAE04EC0-301F-11D3-BF4B-00C04F79EFBC}") = "Nop.Payment.Moneybookers", "Payment\Nop.Payment.Moneybookers\Nop.Payment.Moneybookers.csproj", "{95EF905E-1744-4C55-A766-970DFEBF4B21}"
EndProject
Project("{FAE04EC0-301F-11D3-BF4B-00C04F79EFBC}") = "Nop.Payment.PayPal", "Payment\Nop.Payment.PayPal\Nop.Payment.PayPal.csproj", "{D62E5B76-9561-48BC-864A-F934DA28736C}"
EndProject
Project("{FAE04EC0-301F-11D3-BF4B-00C04F79EFBC}") = "Nop.Payment.TwoCheckout", "Payment\Nop.Payment.TwoCheckout\Nop.Payment.TwoCheckout.csproj", "{2DF66133-1618-4935-921E-BFF784735C3A}"
EndProject
Project("{FAE04EC0-301F-11D3-BF4B-00C04F79EFBC}") = "Nop.Payment.Worldpay", "Payment\Nop.Payment.Worldpay\Nop.Payment.Worldpay.csproj", "{52E712D4-946B-4DFE-B7AD-A1383AEE9146}"
EndProject
Project("{FAE04EC0-301F-11D3-BF4B-00C04F79EFBC}") = "Nop.Shipping.ShippingByTotal", "Shipping\Nop.Shipping.ShippingByTotal\Nop.Shipping.ShippingByTotal.csproj", "{DB0E4C93-A1E6-43DA-A068-8FDEAC9F30BE}"
EndProject
Project("{FAE04EC0-301F-11D3-BF4B-00C04F79EFBC}") = "Nop.Shipping.ShippingByWeight", "Shipping\Nop.Shipping.ShippingByWeight\Nop.Shipping.ShippingByWeight.csproj", "{FF0437D2-EA6D-4451-BE7A-666C7675B9EC}"
EndProject
Project("{FAE04EC0-301F-11D3-BF4B-00C04F79EFBC}") = "Nop.Shipping.FreeShipping", "Shipping\Nop.Shipping.FreeShipping\Nop.Shipping.FreeShipping.csproj", "{4383BA85-3EF8-4B18-9CA1-5D5A9A93135A}"
EndProject
Project("{FAE04EC0-301F-11D3-BF4B-00C04F79EFBC}") = "Nop.Shipping.ShippingByWeightAndCountry", "Shipping\Nop.Shipping.ShippingByWeightAndCountry\Nop.Shipping.ShippingByWeightAndCountry.csproj", "{86FD6898-29AE-4C6E-A3FA-D396345367CD}"
EndProject
Project("{FAE04EC0-301F-11D3-BF4B-00C04F79EFBC}") = "Nop.HttpModules.MembershipModule", "Libraries\Nop.HttpModules.MembershipModule\Nop.HttpModules.MembershipModule.csproj", "{ADC07038-4AAC-45E4-B652-75A971A413A5}"
EndProject
Project("{FAE04EC0-301F-11D3-BF4B-00C04F79EFBC}") = "Nop.Froogle", "Libraries\Nop.Froogle\Nop.Froogle.csproj", "{1DE849F3-EA26-43A8-9D49-32B6FECBF0AA}"
EndProject
Project("{FAE04EC0-301F-11D3-BF4B-00C04F79EFBC}") = "Nop.Shipping.USPS", "Shipping\Nop.Shipping.USPS\Nop.Shipping.USPS.csproj", "{8E00DA87-C4EC-4E72-AC41-801A1116AB96}"
EndProject
Project("{FAE04EC0-301F-11D3-BF4B-00C04F79EFBC}") = "Nop.Shipping.UPS", "Shipping\Nop.Shipping.UPS\Nop.Shipping.UPS.csproj", "{70F14126-DC82-448F-9642-EF529DAC9C78}"
EndProject
Project("{2150E333-8FDC-42A3-9474-1A3956D46DE8}") = "Tax", "Tax", "{753EB1D7-133F-48AC-A14F-AE083BA0A9D2}"
EndProject
Project("{FAE04EC0-301F-11D3-BF4B-00C04F79EFBC}") = "Nop.Tax.FreeTaxProvider", "Tax\Nop.Tax.FreeTaxProvider\Nop.Tax.FreeTaxProvider.csproj", "{F7AAF6FC-8DB9-4DA1-A06B-CEF47DC23355}"
EndProject
Project("{FAE04EC0-301F-11D3-BF4B-00C04F79EFBC}") = "Nop.Tax.GeneralTaxProvider", "Tax\Nop.Tax.GeneralTaxProvider\Nop.Tax.GeneralTaxProvider.csproj", "{22840ACF-2626-4F01-A6F4-9F7425387074}"
EndProject
Project("{FAE04EC0-301F-11D3-BF4B-00C04F79EFBC}") = "Nop.Tax.StrikeIron", "Tax\Nop.Tax.StrikeIron\Nop.Tax.StrikeIron.csproj", "{13F8303C-64C6-4420-B957-E6F557BF4D43}"
EndProject
Project("{2150E333-8FDC-42A3-9474-1A3956D46DE8}") = "Libraries", "Libraries", "{A3E1635B-ECA0-46B2-B9BD-CA9340A23257}"
EndProject
Project("{FAE04EC0-301F-11D3-BF4B-00C04F79EFBC}") = "Nop.Payment.GoogleCheckout", "Payment\Nop.Payment.GoogleCheckout\Nop.Payment.GoogleCheckout.csproj", "{C0B374F5-F9D9-4113-9C2D-6E50B1164388}"
EndProject
Project("{FAE04EC0-301F-11D3-BF4B-00C04F79EFBC}") = "Nop.Payment.CashOnDelivery", "Payment\Nop.Payment.CashOnDelivery\Nop.Payment.CashOnDelivery.csproj", "{9E28F403-67DD-430E-BF7E-5DC59CF78E14}"
EndProject
Project("{FAE04EC0-301F-11D3-BF4B-00C04F79EFBC}") = "Nop.Payment.PayFlowPro", "Payment\Nop.Payment.PayFlowPro\Nop.Payment.PayFlowPro.csproj", "{9FBF63D5-1C80-43F0-8CDA-702A08ED3C58}"
EndProject
Project("{FAE04EC0-301F-11D3-BF4B-00C04F79EFBC}") = "Nop.Payment.Check", "Payment\Nop.Payment.Check\Nop.Payment.Check.csproj", "{752A863D-9C63-4788-AAD9-8FCE11F21871}"
EndProject
Project("{FAE04EC0-301F-11D3-BF4B-00C04F79EFBC}") = "Nop.Payment.PurchaseOrder", "Payment\Nop.Payment.PurchaseOrder\Nop.Payment.PurchaseOrder.csproj", "{0B806A13-4B08-4855-AE3A-578057DB09CD}"
EndProject
Project("{FAE04EC0-301F-11D3-BF4B-00C04F79EFBC}") = "Nop.Payment.PSIGate", "Payment\Nop.Payment.PSIGate\Nop.Payment.PSIGate.csproj", "{2C573ADD-4B09-4CE1-9849-E25732938960}"
EndProject
Project("{FAE04EC0-301F-11D3-BF4B-00C04F79EFBC}") = "Nop.Payment.CDGcommerce", "Payment\Nop.Payment.CDGcommerce\Nop.Payment.CDGcommerce.csproj", "{23121FD0-FF0B-452C-85F5-47AF5CBD586C}"
EndProject
Project("{FAE04EC0-301F-11D3-BF4B-00C04F79EFBC}") = "Nop.DataAccess", "Libraries\Nop.DataAccess\Nop.DataAccess.csproj", "{499E7B72-D9AF-4435-8C69-BBE841C86F03}"
EndProject
Project("{FAE04EC0-301F-11D3-BF4B-00C04F79EFBC}") = "Nop.DataAccess.SqlServer", "Libraries\Nop.DataAccess.SqlServer\Nop.DataAccess.SqlServer.csproj", "{D7FC5FC7-B51D-4524-8047-75A9CD405671}"
EndProject
Project("{FAE04EC0-301F-11D3-BF4B-00C04F79EFBC}") = "UrlRewritingNet.UrlRewriter", "Libraries\UrlRewritingNet.UrlRewriter\UrlRewritingNet.UrlRewriter.csproj", "{44697772-09C1-4B28-B3F5-C28B693B06F7}"
EndProject
Project("{FAE04EC0-301F-11D3-BF4B-00C04F79EFBC}") = "NopCommerceStore", "NopCommerceStore\NopCommerceStore.csproj", "{036B2F92-F9C0-43CB-B00B-06A61B1C390D}"
EndProject
Project("{FAE04EC0-301F-11D3-BF4B-00C04F79EFBC}") = "Nop.HttpModules.BlacklistModule", "Libraries\Nop.HttpModules.BlacklistModule\Nop.HttpModules.BlacklistModule.csproj", "{4D26AD7F-0482-4B2D-A5A6-A1AE338B4F4D}"
EndProject
Project("{FAE04EC0-301F-11D3-BF4B-00C04F79EFBC}") = "Nop.Shipping.FixedRateShipping", "Shipping\Nop.Shipping.FixedRateShipping\Nop.Shipping.FixedRateShipping.csproj", "{B401F477-3472-4C70-B3FE-D094703709F8}"
EndProject
Project("{FAE04EC0-301F-11D3-BF4B-00C04F79EFBC}") = "Nop.Tax.FixedRateTaxProvider", "Tax\Nop.Tax.FixedRateTaxProvider\Nop.Tax.FixedRateTaxProvider.csproj", "{082B65A7-CDC8-471B-88A9-BA017FC9E80F}"
EndProject
Project("{FAE04EC0-301F-11D3-BF4B-00C04F79EFBC}") = "Nop.Shipping.FedEx", "Shipping\Nop.Shipping.FedEx\Nop.Shipping.FedEx.csproj", "{7FB67A64-F5F3-482A-9FC3-B4C63072BA22}"
EndProject
Project("{FAE04EC0-301F-11D3-BF4B-00C04F79EFBC}") = "Nop.Payment.eWayUK", "Payment\Nop.Payment.eWayUK\Nop.Payment.eWayUK.csproj", "{72A5D78D-0714-4C8B-9A80-4E614CB9FFBE}"
EndProject
Project("{FAE04EC0-301F-11D3-BF4B-00C04F79EFBC}") = "Nop.Controls", "Libraries\Nop.Controls\Nop.Controls.csproj", "{E682693C-DC17-4C46-BB57-6DC2C2B02555}"
EndProject
Project("{FAE04EC0-301F-11D3-BF4B-00C04F79EFBC}") = "Nop.Common", "Libraries\Nop.Common\Nop.Common.csproj", "{A598DC05-2E62-4114-AC3E-A6E58E085AFF}"
EndProject
Global
	GlobalSection(TeamFoundationVersionControl) = preSolution
		SccNumberOfProjects = 38
		SccEnterpriseProvider = {4CA58AB2-18FA-4F8D-95D4-32DDF27D184C}
		SccTeamFoundationServer = https://tfs05.codeplex.com/
		SccLocalPath0 = .
		SccProjectUniqueName1 = Libraries\\Nop.DataAccess.SqlServer\\Nop.DataAccess.SqlServer.csproj
		SccProjectTopLevelParentUniqueName1 = NopCommerce.sln
		SccProjectName1 = Libraries/Nop.DataAccess.SqlServer
		SccLocalPath1 = Libraries\\Nop.DataAccess.SqlServer
		SccProjectUniqueName2 = Libraries\\Nop.DataAccess\\Nop.DataAccess.csproj
		SccProjectTopLevelParentUniqueName2 = NopCommerce.sln
		SccProjectName2 = Libraries/Nop.DataAccess
		SccLocalPath2 = Libraries\\Nop.DataAccess
		SccProjectUniqueName3 = Libraries\\Nop.Froogle\\Nop.Froogle.csproj
		SccProjectTopLevelParentUniqueName3 = NopCommerce.sln
		SccProjectName3 = Libraries/Nop.Froogle
		SccLocalPath3 = Libraries\\Nop.Froogle
		SccProjectUniqueName4 = Libraries\\Nop.HttpModules.MembershipModule\\Nop.HttpModules.MembershipModule.csproj
		SccProjectTopLevelParentUniqueName4 = NopCommerce.sln
		SccProjectName4 = Libraries/Nop.HttpModules.MembershipModule
		SccLocalPath4 = Libraries\\Nop.HttpModules.MembershipModule
		SccProjectUniqueName5 = Libraries\\UrlRewritingNet.UrlRewriter\\UrlRewritingNet.UrlRewriter.csproj
		SccProjectTopLevelParentUniqueName5 = NopCommerce.sln
		SccProjectName5 = Libraries/UrlRewritingNet.UrlRewriter
		SccLocalPath5 = Libraries\\UrlRewritingNet.UrlRewriter
		SccProjectUniqueName6 = Payment\\Nop.Payment.AuthorizeNet\\Nop.Payment.AuthorizeNet.csproj
		SccProjectTopLevelParentUniqueName6 = NopCommerce.sln
		SccProjectName6 = Payment/Nop.Payment.AuthorizeNet
		SccLocalPath6 = Payment\\Nop.Payment.AuthorizeNet
		SccProjectUniqueName7 = Payment\\Nop.Payment.CashOnDelivery\\Nop.Payment.CashOnDelivery.csproj
		SccProjectTopLevelParentUniqueName7 = NopCommerce.sln
		SccProjectName7 = Payment/Nop.Payment.CashOnDelivery
		SccLocalPath7 = Payment\\Nop.Payment.CashOnDelivery
		SccProjectUniqueName8 = Payment\\Nop.Payment.CDGcommerce\\Nop.Payment.CDGcommerce.csproj
		SccProjectTopLevelParentUniqueName8 = NopCommerce.sln
		SccProjectName8 = Payment/Nop.Payment.CDGcommerce
		SccLocalPath8 = Payment\\Nop.Payment.CDGcommerce
		SccProjectUniqueName9 = Payment\\Nop.Payment.Check\\Nop.Payment.Check.csproj
		SccProjectTopLevelParentUniqueName9 = NopCommerce.sln
		SccProjectName9 = Payment/Nop.Payment.Check
		SccLocalPath9 = Payment\\Nop.Payment.Check
		SccProjectUniqueName10 = Payment\\Nop.Payment.eWay\\Nop.Payment.eWay.csproj
		SccProjectTopLevelParentUniqueName10 = NopCommerce.sln
		SccProjectName10 = Payment/Nop.Payment.eWay
		SccLocalPath10 = Payment\\Nop.Payment.eWay
		SccProjectUniqueName11 = Payment\\Nop.Payment.GoogleCheckout\\Nop.Payment.GoogleCheckout.csproj
		SccProjectTopLevelParentUniqueName11 = NopCommerce.sln
		SccProjectName11 = Payment/Nop.Payment.GoogleCheckout
		SccLocalPath11 = Payment\\Nop.Payment.GoogleCheckout
		SccProjectUniqueName12 = Payment\\Nop.Payment.Manual\\Nop.Payment.Manual.csproj
		SccProjectTopLevelParentUniqueName12 = NopCommerce.sln
		SccProjectName12 = Payment/Nop.Payment.Manual
		SccLocalPath12 = Payment\\Nop.Payment.Manual
		SccProjectUniqueName13 = Payment\\Nop.Payment.Moneybookers\\Nop.Payment.Moneybookers.csproj
		SccProjectTopLevelParentUniqueName13 = NopCommerce.sln
		SccProjectName13 = Payment/Nop.Payment.Moneybookers
		SccLocalPath13 = Payment\\Nop.Payment.Moneybookers
		SccProjectUniqueName14 = Payment\\Nop.Payment.PayFlowPro\\Nop.Payment.PayFlowPro.csproj
		SccProjectTopLevelParentUniqueName14 = NopCommerce.sln
		SccProjectName14 = Payment/Nop.Payment.PayFlowPro
		SccLocalPath14 = Payment\\Nop.Payment.PayFlowPro
		SccProjectUniqueName15 = Payment\\Nop.Payment.PayPal\\Nop.Payment.PayPal.csproj
		SccProjectTopLevelParentUniqueName15 = NopCommerce.sln
		SccProjectName15 = Payment/Nop.Payment.PayPal
		SccLocalPath15 = Payment\\Nop.Payment.PayPal
		SccProjectUniqueName16 = Payment\\Nop.Payment.PSIGate\\Nop.Payment.PSIGate.csproj
		SccProjectTopLevelParentUniqueName16 = NopCommerce.sln
		SccProjectName16 = Payment/Nop.Payment.PSIGate
		SccLocalPath16 = Payment\\Nop.Payment.PSIGate
		SccProjectUniqueName17 = Payment\\Nop.Payment.PurchaseOrder\\Nop.Payment.PurchaseOrder.csproj
		SccProjectTopLevelParentUniqueName17 = NopCommerce.sln
		SccProjectName17 = Payment/Nop.Payment.PurchaseOrder
		SccLocalPath17 = Payment\\Nop.Payment.PurchaseOrder
		SccProjectUniqueName18 = Payment\\Nop.Payment.TwoCheckout\\Nop.Payment.TwoCheckout.csproj
		SccProjectTopLevelParentUniqueName18 = NopCommerce.sln
		SccProjectName18 = Payment/Nop.Payment.TwoCheckout
		SccLocalPath18 = Payment\\Nop.Payment.TwoCheckout
		SccProjectUniqueName19 = Payment\\Nop.Payment.Worldpay\\Nop.Payment.Worldpay.csproj
		SccProjectTopLevelParentUniqueName19 = NopCommerce.sln
		SccProjectName19 = Payment/Nop.Payment.Worldpay
		SccLocalPath19 = Payment\\Nop.Payment.Worldpay
		SccProjectUniqueName20 = Shipping\\Nop.Shipping.FreeShipping\\Nop.Shipping.FreeShipping.csproj
		SccProjectTopLevelParentUniqueName20 = NopCommerce.sln
		SccProjectName20 = Shipping/Nop.Shipping.FreeShipping
		SccLocalPath20 = Shipping\\Nop.Shipping.FreeShipping
		SccProjectUniqueName21 = Shipping\\Nop.Shipping.ShippingByTotal\\Nop.Shipping.ShippingByTotal.csproj
		SccProjectTopLevelParentUniqueName21 = NopCommerce.sln
		SccProjectName21 = Shipping/Nop.Shipping.ShippingByTotal
		SccLocalPath21 = Shipping\\Nop.Shipping.ShippingByTotal
		SccProjectUniqueName22 = Shipping\\Nop.Shipping.ShippingByWeight\\Nop.Shipping.ShippingByWeight.csproj
		SccProjectTopLevelParentUniqueName22 = NopCommerce.sln
		SccProjectName22 = Shipping/Nop.Shipping.ShippingByWeight
		SccLocalPath22 = Shipping\\Nop.Shipping.ShippingByWeight
		SccProjectUniqueName23 = Shipping\\Nop.Shipping.ShippingByWeightAndCountry\\Nop.Shipping.ShippingByWeightAndCountry.csproj
		SccProjectTopLevelParentUniqueName23 = NopCommerce.sln
		SccProjectName23 = Shipping/Nop.Shipping.ShippingByWeightAndCountry
		SccLocalPath23 = Shipping\\Nop.Shipping.ShippingByWeightAndCountry
		SccProjectUniqueName24 = Shipping\\Nop.Shipping.UPS\\Nop.Shipping.UPS.csproj
		SccProjectTopLevelParentUniqueName24 = NopCommerce.sln
		SccProjectName24 = Shipping/Nop.Shipping.UPS
		SccLocalPath24 = Shipping\\Nop.Shipping.UPS
		SccProjectUniqueName25 = Shipping\\Nop.Shipping.USPS\\Nop.Shipping.USPS.csproj
		SccProjectTopLevelParentUniqueName25 = NopCommerce.sln
		SccProjectName25 = Shipping/Nop.Shipping.USPS
		SccLocalPath25 = Shipping\\Nop.Shipping.USPS
		SccProjectUniqueName26 = Tax\\Nop.Tax.FreeTaxProvider\\Nop.Tax.FreeTaxProvider.csproj
		SccProjectTopLevelParentUniqueName26 = NopCommerce.sln
		SccProjectName26 = Tax/Nop.Tax.FreeTaxProvider
		SccLocalPath26 = Tax\\Nop.Tax.FreeTaxProvider
		SccProjectUniqueName27 = Tax\\Nop.Tax.GeneralTaxProvider\\Nop.Tax.GeneralTaxProvider.csproj
		SccProjectTopLevelParentUniqueName27 = NopCommerce.sln
		SccProjectName27 = Tax/Nop.Tax.GeneralTaxProvider
		SccLocalPath27 = Tax\\Nop.Tax.GeneralTaxProvider
		SccProjectUniqueName28 = Tax\\Nop.Tax.StrikeIron\\Nop.Tax.StrikeIron.csproj
		SccProjectTopLevelParentUniqueName28 = NopCommerce.sln
		SccProjectName28 = Tax/Nop.Tax.StrikeIron
		SccLocalPath28 = Tax\\Nop.Tax.StrikeIron
		SccProjectUniqueName29 = NopCommerceStore\\NopCommerceStore.csproj
		SccProjectName29 = NopCommerceStore
		SccLocalPath29 = NopCommerceStore
		SccProjectUniqueName30 = Libraries\\Nop.HttpModules.BlacklistModule\\Nop.HttpModules.BlacklistModule.csproj
		SccProjectTopLevelParentUniqueName30 = NopCommerce.sln
		SccProjectName30 = Libraries/Nop.HttpModules.BlacklistModule
		SccLocalPath30 = Libraries\\Nop.HttpModules.BlacklistModule
		SccProjectUniqueName31 = Shipping\\Nop.Shipping.FixedRateShipping\\Nop.Shipping.FixedRateShipping.csproj
		SccProjectTopLevelParentUniqueName31 = NopCommerce.sln
		SccProjectName31 = Shipping/Nop.Shipping.FixedRateShipping
		SccLocalPath31 = Shipping\\Nop.Shipping.FixedRateShipping
		SccProjectUniqueName32 = Tax\\Nop.Tax.FixedRateTaxProvider\\Nop.Tax.FixedRateTaxProvider.csproj
		SccProjectTopLevelParentUniqueName32 = NopCommerce.sln
		SccProjectName32 = Tax/Nop.Tax.FixedRateTaxProvider
		SccLocalPath32 = Tax\\Nop.Tax.FixedRateTaxProvider
		SccProjectUniqueName33 = Shipping\\Nop.Shipping.FedEx\\Nop.Shipping.FedEx.csproj
		SccProjectTopLevelParentUniqueName33 = NopCommerce.sln
		SccProjectName33 = Shipping/Nop.Shipping.FedEx
		SccLocalPath33 = Shipping\\Nop.Shipping.FedEx
		SccProjectUniqueName34 = Payment\\Nop.Payment.eWayUK\\Nop.Payment.eWayUK.csproj
		SccProjectTopLevelParentUniqueName34 = NopCommerce.sln
		SccProjectName34 = Payment/Nop.Payment.eWayUK
		SccLocalPath34 = Payment\\Nop.Payment.eWayUK
		SccProjectUniqueName35 = Libraries\\Nop.BusinessLogic\\Nop.BusinessLogic.csproj
		SccProjectTopLevelParentUniqueName35 = NopCommerce.sln
		SccProjectName35 = Libraries/Nop.BusinessLogic
		SccLocalPath35 = Libraries\\Nop.BusinessLogic
		SccProjectUniqueName36 = Libraries\\Nop.Controls\\Nop.Controls.csproj
		SccProjectTopLevelParentUniqueName36 = NopCommerce.sln
		SccProjectName36 = Libraries/Nop.Controls
		SccLocalPath36 = Libraries\\Nop.Controls
		SccProjectUniqueName37 = Libraries\\Nop.Common\\Nop.Common.csproj
		SccProjectTopLevelParentUniqueName37 = NopCommerce.sln
		SccProjectName37 = Libraries/Nop.Common
		SccLocalPath37 = Libraries\\Nop.Common
	EndGlobalSection
	GlobalSection(SolutionConfigurationPlatforms) = preSolution
		Debug|.NET = Debug|.NET
		Debug|Any CPU = Debug|Any CPU
		Debug|Mixed Platforms = Debug|Mixed Platforms
		Release|.NET = Release|.NET
		Release|Any CPU = Release|Any CPU
		Release|Mixed Platforms = Release|Mixed Platforms
	EndGlobalSection
	GlobalSection(ProjectConfigurationPlatforms) = postSolution
		{EDF31192-A159-48DA-A737-9935A8A5BC18}.Debug|.NET.ActiveCfg = Debug|Any CPU
		{EDF31192-A159-48DA-A737-9935A8A5BC18}.Debug|Any CPU.ActiveCfg = Debug|Any CPU
		{EDF31192-A159-48DA-A737-9935A8A5BC18}.Debug|Any CPU.Build.0 = Debug|Any CPU
		{EDF31192-A159-48DA-A737-9935A8A5BC18}.Debug|Mixed Platforms.ActiveCfg = Debug|Any CPU
		{EDF31192-A159-48DA-A737-9935A8A5BC18}.Debug|Mixed Platforms.Build.0 = Debug|Any CPU
		{EDF31192-A159-48DA-A737-9935A8A5BC18}.Release|.NET.ActiveCfg = Release|Any CPU
		{EDF31192-A159-48DA-A737-9935A8A5BC18}.Release|Any CPU.ActiveCfg = Release|Any CPU
		{EDF31192-A159-48DA-A737-9935A8A5BC18}.Release|Any CPU.Build.0 = Release|Any CPU
		{EDF31192-A159-48DA-A737-9935A8A5BC18}.Release|Mixed Platforms.ActiveCfg = Release|Any CPU
		{EDF31192-A159-48DA-A737-9935A8A5BC18}.Release|Mixed Platforms.Build.0 = Release|Any CPU
		{9DE22C67-7C2A-4321-8501-68F024E541D5}.Debug|.NET.ActiveCfg = Debug|Any CPU
		{9DE22C67-7C2A-4321-8501-68F024E541D5}.Debug|Any CPU.ActiveCfg = Debug|Any CPU
		{9DE22C67-7C2A-4321-8501-68F024E541D5}.Debug|Any CPU.Build.0 = Debug|Any CPU
		{9DE22C67-7C2A-4321-8501-68F024E541D5}.Debug|Mixed Platforms.ActiveCfg = Debug|Any CPU
		{9DE22C67-7C2A-4321-8501-68F024E541D5}.Debug|Mixed Platforms.Build.0 = Debug|Any CPU
		{9DE22C67-7C2A-4321-8501-68F024E541D5}.Release|.NET.ActiveCfg = Release|Any CPU
		{9DE22C67-7C2A-4321-8501-68F024E541D5}.Release|Any CPU.ActiveCfg = Release|Any CPU
		{9DE22C67-7C2A-4321-8501-68F024E541D5}.Release|Any CPU.Build.0 = Release|Any CPU
		{9DE22C67-7C2A-4321-8501-68F024E541D5}.Release|Mixed Platforms.ActiveCfg = Release|Any CPU
		{9DE22C67-7C2A-4321-8501-68F024E541D5}.Release|Mixed Platforms.Build.0 = Release|Any CPU
		{DAC5D35D-971A-49BD-AA64-2018F8C18E37}.Debug|.NET.ActiveCfg = Debug|Any CPU
		{DAC5D35D-971A-49BD-AA64-2018F8C18E37}.Debug|Any CPU.ActiveCfg = Debug|Any CPU
		{DAC5D35D-971A-49BD-AA64-2018F8C18E37}.Debug|Any CPU.Build.0 = Debug|Any CPU
		{DAC5D35D-971A-49BD-AA64-2018F8C18E37}.Debug|Mixed Platforms.ActiveCfg = Debug|Any CPU
		{DAC5D35D-971A-49BD-AA64-2018F8C18E37}.Debug|Mixed Platforms.Build.0 = Debug|Any CPU
		{DAC5D35D-971A-49BD-AA64-2018F8C18E37}.Release|.NET.ActiveCfg = Release|Any CPU
		{DAC5D35D-971A-49BD-AA64-2018F8C18E37}.Release|Any CPU.ActiveCfg = Release|Any CPU
		{DAC5D35D-971A-49BD-AA64-2018F8C18E37}.Release|Any CPU.Build.0 = Release|Any CPU
		{DAC5D35D-971A-49BD-AA64-2018F8C18E37}.Release|Mixed Platforms.ActiveCfg = Release|Any CPU
		{DAC5D35D-971A-49BD-AA64-2018F8C18E37}.Release|Mixed Platforms.Build.0 = Release|Any CPU
		{1D81D88C-CB3C-43E0-A305-DA26DAD04DB9}.Debug|.NET.ActiveCfg = Debug|Any CPU
		{1D81D88C-CB3C-43E0-A305-DA26DAD04DB9}.Debug|Any CPU.ActiveCfg = Debug|Any CPU
		{1D81D88C-CB3C-43E0-A305-DA26DAD04DB9}.Debug|Any CPU.Build.0 = Debug|Any CPU
		{1D81D88C-CB3C-43E0-A305-DA26DAD04DB9}.Debug|Mixed Platforms.ActiveCfg = Debug|Any CPU
		{1D81D88C-CB3C-43E0-A305-DA26DAD04DB9}.Debug|Mixed Platforms.Build.0 = Debug|Any CPU
		{1D81D88C-CB3C-43E0-A305-DA26DAD04DB9}.Release|.NET.ActiveCfg = Release|Any CPU
		{1D81D88C-CB3C-43E0-A305-DA26DAD04DB9}.Release|Any CPU.ActiveCfg = Release|Any CPU
		{1D81D88C-CB3C-43E0-A305-DA26DAD04DB9}.Release|Any CPU.Build.0 = Release|Any CPU
		{1D81D88C-CB3C-43E0-A305-DA26DAD04DB9}.Release|Mixed Platforms.ActiveCfg = Release|Any CPU
		{1D81D88C-CB3C-43E0-A305-DA26DAD04DB9}.Release|Mixed Platforms.Build.0 = Release|Any CPU
		{95EF905E-1744-4C55-A766-970DFEBF4B21}.Debug|.NET.ActiveCfg = Debug|Any CPU
		{95EF905E-1744-4C55-A766-970DFEBF4B21}.Debug|Any CPU.ActiveCfg = Debug|Any CPU
		{95EF905E-1744-4C55-A766-970DFEBF4B21}.Debug|Any CPU.Build.0 = Debug|Any CPU
		{95EF905E-1744-4C55-A766-970DFEBF4B21}.Debug|Mixed Platforms.ActiveCfg = Debug|Any CPU
		{95EF905E-1744-4C55-A766-970DFEBF4B21}.Debug|Mixed Platforms.Build.0 = Debug|Any CPU
		{95EF905E-1744-4C55-A766-970DFEBF4B21}.Release|.NET.ActiveCfg = Release|Any CPU
		{95EF905E-1744-4C55-A766-970DFEBF4B21}.Release|Any CPU.ActiveCfg = Release|Any CPU
		{95EF905E-1744-4C55-A766-970DFEBF4B21}.Release|Any CPU.Build.0 = Release|Any CPU
		{95EF905E-1744-4C55-A766-970DFEBF4B21}.Release|Mixed Platforms.ActiveCfg = Release|Any CPU
		{95EF905E-1744-4C55-A766-970DFEBF4B21}.Release|Mixed Platforms.Build.0 = Release|Any CPU
		{D62E5B76-9561-48BC-864A-F934DA28736C}.Debug|.NET.ActiveCfg = Debug|Any CPU
		{D62E5B76-9561-48BC-864A-F934DA28736C}.Debug|Any CPU.ActiveCfg = Debug|Any CPU
		{D62E5B76-9561-48BC-864A-F934DA28736C}.Debug|Any CPU.Build.0 = Debug|Any CPU
		{D62E5B76-9561-48BC-864A-F934DA28736C}.Debug|Mixed Platforms.ActiveCfg = Debug|Any CPU
		{D62E5B76-9561-48BC-864A-F934DA28736C}.Debug|Mixed Platforms.Build.0 = Debug|Any CPU
		{D62E5B76-9561-48BC-864A-F934DA28736C}.Release|.NET.ActiveCfg = Release|Any CPU
		{D62E5B76-9561-48BC-864A-F934DA28736C}.Release|Any CPU.ActiveCfg = Release|Any CPU
		{D62E5B76-9561-48BC-864A-F934DA28736C}.Release|Any CPU.Build.0 = Release|Any CPU
		{D62E5B76-9561-48BC-864A-F934DA28736C}.Release|Mixed Platforms.ActiveCfg = Release|Any CPU
		{D62E5B76-9561-48BC-864A-F934DA28736C}.Release|Mixed Platforms.Build.0 = Release|Any CPU
		{2DF66133-1618-4935-921E-BFF784735C3A}.Debug|.NET.ActiveCfg = Debug|Any CPU
		{2DF66133-1618-4935-921E-BFF784735C3A}.Debug|Any CPU.ActiveCfg = Debug|Any CPU
		{2DF66133-1618-4935-921E-BFF784735C3A}.Debug|Any CPU.Build.0 = Debug|Any CPU
		{2DF66133-1618-4935-921E-BFF784735C3A}.Debug|Mixed Platforms.ActiveCfg = Debug|Any CPU
		{2DF66133-1618-4935-921E-BFF784735C3A}.Debug|Mixed Platforms.Build.0 = Debug|Any CPU
		{2DF66133-1618-4935-921E-BFF784735C3A}.Release|.NET.ActiveCfg = Release|Any CPU
		{2DF66133-1618-4935-921E-BFF784735C3A}.Release|Any CPU.ActiveCfg = Release|Any CPU
		{2DF66133-1618-4935-921E-BFF784735C3A}.Release|Any CPU.Build.0 = Release|Any CPU
		{2DF66133-1618-4935-921E-BFF784735C3A}.Release|Mixed Platforms.ActiveCfg = Release|Any CPU
		{2DF66133-1618-4935-921E-BFF784735C3A}.Release|Mixed Platforms.Build.0 = Release|Any CPU
		{52E712D4-946B-4DFE-B7AD-A1383AEE9146}.Debug|.NET.ActiveCfg = Debug|Any CPU
		{52E712D4-946B-4DFE-B7AD-A1383AEE9146}.Debug|Any CPU.ActiveCfg = Debug|Any CPU
		{52E712D4-946B-4DFE-B7AD-A1383AEE9146}.Debug|Any CPU.Build.0 = Debug|Any CPU
		{52E712D4-946B-4DFE-B7AD-A1383AEE9146}.Debug|Mixed Platforms.ActiveCfg = Debug|Any CPU
		{52E712D4-946B-4DFE-B7AD-A1383AEE9146}.Debug|Mixed Platforms.Build.0 = Debug|Any CPU
		{52E712D4-946B-4DFE-B7AD-A1383AEE9146}.Release|.NET.ActiveCfg = Release|Any CPU
		{52E712D4-946B-4DFE-B7AD-A1383AEE9146}.Release|Any CPU.ActiveCfg = Release|Any CPU
		{52E712D4-946B-4DFE-B7AD-A1383AEE9146}.Release|Any CPU.Build.0 = Release|Any CPU
		{52E712D4-946B-4DFE-B7AD-A1383AEE9146}.Release|Mixed Platforms.ActiveCfg = Release|Any CPU
		{52E712D4-946B-4DFE-B7AD-A1383AEE9146}.Release|Mixed Platforms.Build.0 = Release|Any CPU
		{DB0E4C93-A1E6-43DA-A068-8FDEAC9F30BE}.Debug|.NET.ActiveCfg = Debug|Any CPU
		{DB0E4C93-A1E6-43DA-A068-8FDEAC9F30BE}.Debug|Any CPU.ActiveCfg = Debug|Any CPU
		{DB0E4C93-A1E6-43DA-A068-8FDEAC9F30BE}.Debug|Any CPU.Build.0 = Debug|Any CPU
		{DB0E4C93-A1E6-43DA-A068-8FDEAC9F30BE}.Debug|Mixed Platforms.ActiveCfg = Debug|Any CPU
		{DB0E4C93-A1E6-43DA-A068-8FDEAC9F30BE}.Debug|Mixed Platforms.Build.0 = Debug|Any CPU
		{DB0E4C93-A1E6-43DA-A068-8FDEAC9F30BE}.Release|.NET.ActiveCfg = Release|Any CPU
		{DB0E4C93-A1E6-43DA-A068-8FDEAC9F30BE}.Release|Any CPU.ActiveCfg = Release|Any CPU
		{DB0E4C93-A1E6-43DA-A068-8FDEAC9F30BE}.Release|Any CPU.Build.0 = Release|Any CPU
		{DB0E4C93-A1E6-43DA-A068-8FDEAC9F30BE}.Release|Mixed Platforms.ActiveCfg = Release|Any CPU
		{DB0E4C93-A1E6-43DA-A068-8FDEAC9F30BE}.Release|Mixed Platforms.Build.0 = Release|Any CPU
		{FF0437D2-EA6D-4451-BE7A-666C7675B9EC}.Debug|.NET.ActiveCfg = Debug|Any CPU
		{FF0437D2-EA6D-4451-BE7A-666C7675B9EC}.Debug|Any CPU.ActiveCfg = Debug|Any CPU
		{FF0437D2-EA6D-4451-BE7A-666C7675B9EC}.Debug|Any CPU.Build.0 = Debug|Any CPU
		{FF0437D2-EA6D-4451-BE7A-666C7675B9EC}.Debug|Mixed Platforms.ActiveCfg = Debug|Any CPU
		{FF0437D2-EA6D-4451-BE7A-666C7675B9EC}.Debug|Mixed Platforms.Build.0 = Debug|Any CPU
		{FF0437D2-EA6D-4451-BE7A-666C7675B9EC}.Release|.NET.ActiveCfg = Release|Any CPU
		{FF0437D2-EA6D-4451-BE7A-666C7675B9EC}.Release|Any CPU.ActiveCfg = Release|Any CPU
		{FF0437D2-EA6D-4451-BE7A-666C7675B9EC}.Release|Any CPU.Build.0 = Release|Any CPU
		{FF0437D2-EA6D-4451-BE7A-666C7675B9EC}.Release|Mixed Platforms.ActiveCfg = Release|Any CPU
		{FF0437D2-EA6D-4451-BE7A-666C7675B9EC}.Release|Mixed Platforms.Build.0 = Release|Any CPU
		{4383BA85-3EF8-4B18-9CA1-5D5A9A93135A}.Debug|.NET.ActiveCfg = Debug|Any CPU
		{4383BA85-3EF8-4B18-9CA1-5D5A9A93135A}.Debug|Any CPU.ActiveCfg = Debug|Any CPU
		{4383BA85-3EF8-4B18-9CA1-5D5A9A93135A}.Debug|Any CPU.Build.0 = Debug|Any CPU
		{4383BA85-3EF8-4B18-9CA1-5D5A9A93135A}.Debug|Mixed Platforms.ActiveCfg = Debug|Any CPU
		{4383BA85-3EF8-4B18-9CA1-5D5A9A93135A}.Debug|Mixed Platforms.Build.0 = Debug|Any CPU
		{4383BA85-3EF8-4B18-9CA1-5D5A9A93135A}.Release|.NET.ActiveCfg = Release|Any CPU
		{4383BA85-3EF8-4B18-9CA1-5D5A9A93135A}.Release|Any CPU.ActiveCfg = Release|Any CPU
		{4383BA85-3EF8-4B18-9CA1-5D5A9A93135A}.Release|Any CPU.Build.0 = Release|Any CPU
		{4383BA85-3EF8-4B18-9CA1-5D5A9A93135A}.Release|Mixed Platforms.ActiveCfg = Release|Any CPU
		{4383BA85-3EF8-4B18-9CA1-5D5A9A93135A}.Release|Mixed Platforms.Build.0 = Release|Any CPU
		{86FD6898-29AE-4C6E-A3FA-D396345367CD}.Debug|.NET.ActiveCfg = Debug|Any CPU
		{86FD6898-29AE-4C6E-A3FA-D396345367CD}.Debug|Any CPU.ActiveCfg = Debug|Any CPU
		{86FD6898-29AE-4C6E-A3FA-D396345367CD}.Debug|Any CPU.Build.0 = Debug|Any CPU
		{86FD6898-29AE-4C6E-A3FA-D396345367CD}.Debug|Mixed Platforms.ActiveCfg = Debug|Any CPU
		{86FD6898-29AE-4C6E-A3FA-D396345367CD}.Debug|Mixed Platforms.Build.0 = Debug|Any CPU
		{86FD6898-29AE-4C6E-A3FA-D396345367CD}.Release|.NET.ActiveCfg = Release|Any CPU
		{86FD6898-29AE-4C6E-A3FA-D396345367CD}.Release|Any CPU.ActiveCfg = Release|Any CPU
		{86FD6898-29AE-4C6E-A3FA-D396345367CD}.Release|Any CPU.Build.0 = Release|Any CPU
		{86FD6898-29AE-4C6E-A3FA-D396345367CD}.Release|Mixed Platforms.ActiveCfg = Release|Any CPU
		{86FD6898-29AE-4C6E-A3FA-D396345367CD}.Release|Mixed Platforms.Build.0 = Release|Any CPU
		{ADC07038-4AAC-45E4-B652-75A971A413A5}.Debug|.NET.ActiveCfg = Debug|Any CPU
		{ADC07038-4AAC-45E4-B652-75A971A413A5}.Debug|Any CPU.ActiveCfg = Debug|Any CPU
		{ADC07038-4AAC-45E4-B652-75A971A413A5}.Debug|Any CPU.Build.0 = Debug|Any CPU
		{ADC07038-4AAC-45E4-B652-75A971A413A5}.Debug|Mixed Platforms.ActiveCfg = Debug|Any CPU
		{ADC07038-4AAC-45E4-B652-75A971A413A5}.Debug|Mixed Platforms.Build.0 = Debug|Any CPU
		{ADC07038-4AAC-45E4-B652-75A971A413A5}.Release|.NET.ActiveCfg = Release|Any CPU
		{ADC07038-4AAC-45E4-B652-75A971A413A5}.Release|Any CPU.ActiveCfg = Release|Any CPU
		{ADC07038-4AAC-45E4-B652-75A971A413A5}.Release|Any CPU.Build.0 = Release|Any CPU
		{ADC07038-4AAC-45E4-B652-75A971A413A5}.Release|Mixed Platforms.ActiveCfg = Release|Any CPU
		{ADC07038-4AAC-45E4-B652-75A971A413A5}.Release|Mixed Platforms.Build.0 = Release|Any CPU
		{1DE849F3-EA26-43A8-9D49-32B6FECBF0AA}.Debug|.NET.ActiveCfg = Debug|Any CPU
		{1DE849F3-EA26-43A8-9D49-32B6FECBF0AA}.Debug|Any CPU.ActiveCfg = Debug|Any CPU
		{1DE849F3-EA26-43A8-9D49-32B6FECBF0AA}.Debug|Any CPU.Build.0 = Debug|Any CPU
		{1DE849F3-EA26-43A8-9D49-32B6FECBF0AA}.Debug|Mixed Platforms.ActiveCfg = Debug|Any CPU
		{1DE849F3-EA26-43A8-9D49-32B6FECBF0AA}.Debug|Mixed Platforms.Build.0 = Debug|Any CPU
		{1DE849F3-EA26-43A8-9D49-32B6FECBF0AA}.Release|.NET.ActiveCfg = Release|Any CPU
		{1DE849F3-EA26-43A8-9D49-32B6FECBF0AA}.Release|Any CPU.ActiveCfg = Release|Any CPU
		{1DE849F3-EA26-43A8-9D49-32B6FECBF0AA}.Release|Any CPU.Build.0 = Release|Any CPU
		{1DE849F3-EA26-43A8-9D49-32B6FECBF0AA}.Release|Mixed Platforms.ActiveCfg = Release|Any CPU
		{1DE849F3-EA26-43A8-9D49-32B6FECBF0AA}.Release|Mixed Platforms.Build.0 = Release|Any CPU
		{8E00DA87-C4EC-4E72-AC41-801A1116AB96}.Debug|.NET.ActiveCfg = Debug|Any CPU
		{8E00DA87-C4EC-4E72-AC41-801A1116AB96}.Debug|Any CPU.ActiveCfg = Debug|Any CPU
		{8E00DA87-C4EC-4E72-AC41-801A1116AB96}.Debug|Any CPU.Build.0 = Debug|Any CPU
		{8E00DA87-C4EC-4E72-AC41-801A1116AB96}.Debug|Mixed Platforms.ActiveCfg = Debug|Any CPU
		{8E00DA87-C4EC-4E72-AC41-801A1116AB96}.Debug|Mixed Platforms.Build.0 = Debug|Any CPU
		{8E00DA87-C4EC-4E72-AC41-801A1116AB96}.Release|.NET.ActiveCfg = Release|Any CPU
		{8E00DA87-C4EC-4E72-AC41-801A1116AB96}.Release|Any CPU.ActiveCfg = Release|Any CPU
		{8E00DA87-C4EC-4E72-AC41-801A1116AB96}.Release|Any CPU.Build.0 = Release|Any CPU
		{8E00DA87-C4EC-4E72-AC41-801A1116AB96}.Release|Mixed Platforms.ActiveCfg = Release|Any CPU
		{8E00DA87-C4EC-4E72-AC41-801A1116AB96}.Release|Mixed Platforms.Build.0 = Release|Any CPU
		{70F14126-DC82-448F-9642-EF529DAC9C78}.Debug|.NET.ActiveCfg = Debug|Any CPU
		{70F14126-DC82-448F-9642-EF529DAC9C78}.Debug|Any CPU.ActiveCfg = Debug|Any CPU
		{70F14126-DC82-448F-9642-EF529DAC9C78}.Debug|Any CPU.Build.0 = Debug|Any CPU
		{70F14126-DC82-448F-9642-EF529DAC9C78}.Debug|Mixed Platforms.ActiveCfg = Debug|Any CPU
		{70F14126-DC82-448F-9642-EF529DAC9C78}.Debug|Mixed Platforms.Build.0 = Debug|Any CPU
		{70F14126-DC82-448F-9642-EF529DAC9C78}.Release|.NET.ActiveCfg = Release|Any CPU
		{70F14126-DC82-448F-9642-EF529DAC9C78}.Release|Any CPU.ActiveCfg = Release|Any CPU
		{70F14126-DC82-448F-9642-EF529DAC9C78}.Release|Any CPU.Build.0 = Release|Any CPU
		{70F14126-DC82-448F-9642-EF529DAC9C78}.Release|Mixed Platforms.ActiveCfg = Release|Any CPU
		{70F14126-DC82-448F-9642-EF529DAC9C78}.Release|Mixed Platforms.Build.0 = Release|Any CPU
		{F7AAF6FC-8DB9-4DA1-A06B-CEF47DC23355}.Debug|.NET.ActiveCfg = Debug|Any CPU
		{F7AAF6FC-8DB9-4DA1-A06B-CEF47DC23355}.Debug|Any CPU.ActiveCfg = Debug|Any CPU
		{F7AAF6FC-8DB9-4DA1-A06B-CEF47DC23355}.Debug|Any CPU.Build.0 = Debug|Any CPU
		{F7AAF6FC-8DB9-4DA1-A06B-CEF47DC23355}.Debug|Mixed Platforms.ActiveCfg = Debug|Any CPU
		{F7AAF6FC-8DB9-4DA1-A06B-CEF47DC23355}.Debug|Mixed Platforms.Build.0 = Debug|Any CPU
		{F7AAF6FC-8DB9-4DA1-A06B-CEF47DC23355}.Release|.NET.ActiveCfg = Release|Any CPU
		{F7AAF6FC-8DB9-4DA1-A06B-CEF47DC23355}.Release|Any CPU.ActiveCfg = Release|Any CPU
		{F7AAF6FC-8DB9-4DA1-A06B-CEF47DC23355}.Release|Any CPU.Build.0 = Release|Any CPU
		{F7AAF6FC-8DB9-4DA1-A06B-CEF47DC23355}.Release|Mixed Platforms.ActiveCfg = Release|Any CPU
		{F7AAF6FC-8DB9-4DA1-A06B-CEF47DC23355}.Release|Mixed Platforms.Build.0 = Release|Any CPU
		{22840ACF-2626-4F01-A6F4-9F7425387074}.Debug|.NET.ActiveCfg = Debug|Any CPU
		{22840ACF-2626-4F01-A6F4-9F7425387074}.Debug|Any CPU.ActiveCfg = Debug|Any CPU
		{22840ACF-2626-4F01-A6F4-9F7425387074}.Debug|Any CPU.Build.0 = Debug|Any CPU
		{22840ACF-2626-4F01-A6F4-9F7425387074}.Debug|Mixed Platforms.ActiveCfg = Debug|Any CPU
		{22840ACF-2626-4F01-A6F4-9F7425387074}.Debug|Mixed Platforms.Build.0 = Debug|Any CPU
		{22840ACF-2626-4F01-A6F4-9F7425387074}.Release|.NET.ActiveCfg = Release|Any CPU
		{22840ACF-2626-4F01-A6F4-9F7425387074}.Release|Any CPU.ActiveCfg = Release|Any CPU
		{22840ACF-2626-4F01-A6F4-9F7425387074}.Release|Any CPU.Build.0 = Release|Any CPU
		{22840ACF-2626-4F01-A6F4-9F7425387074}.Release|Mixed Platforms.ActiveCfg = Release|Any CPU
		{22840ACF-2626-4F01-A6F4-9F7425387074}.Release|Mixed Platforms.Build.0 = Release|Any CPU
		{13F8303C-64C6-4420-B957-E6F557BF4D43}.Debug|.NET.ActiveCfg = Debug|Any CPU
		{13F8303C-64C6-4420-B957-E6F557BF4D43}.Debug|Any CPU.ActiveCfg = Debug|Any CPU
		{13F8303C-64C6-4420-B957-E6F557BF4D43}.Debug|Any CPU.Build.0 = Debug|Any CPU
		{13F8303C-64C6-4420-B957-E6F557BF4D43}.Debug|Mixed Platforms.ActiveCfg = Debug|Any CPU
		{13F8303C-64C6-4420-B957-E6F557BF4D43}.Debug|Mixed Platforms.Build.0 = Debug|Any CPU
		{13F8303C-64C6-4420-B957-E6F557BF4D43}.Release|.NET.ActiveCfg = Release|Any CPU
		{13F8303C-64C6-4420-B957-E6F557BF4D43}.Release|Any CPU.ActiveCfg = Release|Any CPU
		{13F8303C-64C6-4420-B957-E6F557BF4D43}.Release|Any CPU.Build.0 = Release|Any CPU
		{13F8303C-64C6-4420-B957-E6F557BF4D43}.Release|Mixed Platforms.ActiveCfg = Release|Any CPU
		{13F8303C-64C6-4420-B957-E6F557BF4D43}.Release|Mixed Platforms.Build.0 = Release|Any CPU
		{C0B374F5-F9D9-4113-9C2D-6E50B1164388}.Debug|.NET.ActiveCfg = Debug|Any CPU
		{C0B374F5-F9D9-4113-9C2D-6E50B1164388}.Debug|Any CPU.ActiveCfg = Debug|Any CPU
		{C0B374F5-F9D9-4113-9C2D-6E50B1164388}.Debug|Any CPU.Build.0 = Debug|Any CPU
		{C0B374F5-F9D9-4113-9C2D-6E50B1164388}.Debug|Mixed Platforms.ActiveCfg = Debug|Any CPU
		{C0B374F5-F9D9-4113-9C2D-6E50B1164388}.Debug|Mixed Platforms.Build.0 = Debug|Any CPU
		{C0B374F5-F9D9-4113-9C2D-6E50B1164388}.Release|.NET.ActiveCfg = Release|Any CPU
		{C0B374F5-F9D9-4113-9C2D-6E50B1164388}.Release|Any CPU.ActiveCfg = Release|Any CPU
		{C0B374F5-F9D9-4113-9C2D-6E50B1164388}.Release|Any CPU.Build.0 = Release|Any CPU
		{C0B374F5-F9D9-4113-9C2D-6E50B1164388}.Release|Mixed Platforms.ActiveCfg = Release|Any CPU
		{C0B374F5-F9D9-4113-9C2D-6E50B1164388}.Release|Mixed Platforms.Build.0 = Release|Any CPU
		{9E28F403-67DD-430E-BF7E-5DC59CF78E14}.Debug|.NET.ActiveCfg = Debug|Any CPU
		{9E28F403-67DD-430E-BF7E-5DC59CF78E14}.Debug|Any CPU.ActiveCfg = Debug|Any CPU
		{9E28F403-67DD-430E-BF7E-5DC59CF78E14}.Debug|Any CPU.Build.0 = Debug|Any CPU
		{9E28F403-67DD-430E-BF7E-5DC59CF78E14}.Debug|Mixed Platforms.ActiveCfg = Debug|Any CPU
		{9E28F403-67DD-430E-BF7E-5DC59CF78E14}.Debug|Mixed Platforms.Build.0 = Debug|Any CPU
		{9E28F403-67DD-430E-BF7E-5DC59CF78E14}.Release|.NET.ActiveCfg = Release|Any CPU
		{9E28F403-67DD-430E-BF7E-5DC59CF78E14}.Release|Any CPU.ActiveCfg = Release|Any CPU
		{9E28F403-67DD-430E-BF7E-5DC59CF78E14}.Release|Any CPU.Build.0 = Release|Any CPU
		{9E28F403-67DD-430E-BF7E-5DC59CF78E14}.Release|Mixed Platforms.ActiveCfg = Release|Any CPU
		{9E28F403-67DD-430E-BF7E-5DC59CF78E14}.Release|Mixed Platforms.Build.0 = Release|Any CPU
		{9FBF63D5-1C80-43F0-8CDA-702A08ED3C58}.Debug|.NET.ActiveCfg = Debug|Any CPU
		{9FBF63D5-1C80-43F0-8CDA-702A08ED3C58}.Debug|Any CPU.ActiveCfg = Debug|Any CPU
		{9FBF63D5-1C80-43F0-8CDA-702A08ED3C58}.Debug|Any CPU.Build.0 = Debug|Any CPU
		{9FBF63D5-1C80-43F0-8CDA-702A08ED3C58}.Debug|Mixed Platforms.ActiveCfg = Debug|Any CPU
		{9FBF63D5-1C80-43F0-8CDA-702A08ED3C58}.Debug|Mixed Platforms.Build.0 = Debug|Any CPU
		{9FBF63D5-1C80-43F0-8CDA-702A08ED3C58}.Release|.NET.ActiveCfg = Release|Any CPU
		{9FBF63D5-1C80-43F0-8CDA-702A08ED3C58}.Release|Any CPU.ActiveCfg = Release|Any CPU
		{9FBF63D5-1C80-43F0-8CDA-702A08ED3C58}.Release|Any CPU.Build.0 = Release|Any CPU
		{9FBF63D5-1C80-43F0-8CDA-702A08ED3C58}.Release|Mixed Platforms.ActiveCfg = Release|Any CPU
		{9FBF63D5-1C80-43F0-8CDA-702A08ED3C58}.Release|Mixed Platforms.Build.0 = Release|Any CPU
		{752A863D-9C63-4788-AAD9-8FCE11F21871}.Debug|.NET.ActiveCfg = Debug|Any CPU
		{752A863D-9C63-4788-AAD9-8FCE11F21871}.Debug|Any CPU.ActiveCfg = Debug|Any CPU
		{752A863D-9C63-4788-AAD9-8FCE11F21871}.Debug|Any CPU.Build.0 = Debug|Any CPU
		{752A863D-9C63-4788-AAD9-8FCE11F21871}.Debug|Mixed Platforms.ActiveCfg = Debug|Any CPU
		{752A863D-9C63-4788-AAD9-8FCE11F21871}.Debug|Mixed Platforms.Build.0 = Debug|Any CPU
		{752A863D-9C63-4788-AAD9-8FCE11F21871}.Release|.NET.ActiveCfg = Release|Any CPU
		{752A863D-9C63-4788-AAD9-8FCE11F21871}.Release|Any CPU.ActiveCfg = Release|Any CPU
		{752A863D-9C63-4788-AAD9-8FCE11F21871}.Release|Any CPU.Build.0 = Release|Any CPU
		{752A863D-9C63-4788-AAD9-8FCE11F21871}.Release|Mixed Platforms.ActiveCfg = Release|Any CPU
		{752A863D-9C63-4788-AAD9-8FCE11F21871}.Release|Mixed Platforms.Build.0 = Release|Any CPU
		{0B806A13-4B08-4855-AE3A-578057DB09CD}.Debug|.NET.ActiveCfg = Debug|Any CPU
		{0B806A13-4B08-4855-AE3A-578057DB09CD}.Debug|Any CPU.ActiveCfg = Debug|Any CPU
		{0B806A13-4B08-4855-AE3A-578057DB09CD}.Debug|Any CPU.Build.0 = Debug|Any CPU
		{0B806A13-4B08-4855-AE3A-578057DB09CD}.Debug|Mixed Platforms.ActiveCfg = Debug|Any CPU
		{0B806A13-4B08-4855-AE3A-578057DB09CD}.Debug|Mixed Platforms.Build.0 = Debug|Any CPU
		{0B806A13-4B08-4855-AE3A-578057DB09CD}.Release|.NET.ActiveCfg = Release|Any CPU
		{0B806A13-4B08-4855-AE3A-578057DB09CD}.Release|Any CPU.ActiveCfg = Release|Any CPU
		{0B806A13-4B08-4855-AE3A-578057DB09CD}.Release|Any CPU.Build.0 = Release|Any CPU
		{0B806A13-4B08-4855-AE3A-578057DB09CD}.Release|Mixed Platforms.ActiveCfg = Release|Any CPU
		{0B806A13-4B08-4855-AE3A-578057DB09CD}.Release|Mixed Platforms.Build.0 = Release|Any CPU
		{2C573ADD-4B09-4CE1-9849-E25732938960}.Debug|.NET.ActiveCfg = Debug|Any CPU
		{2C573ADD-4B09-4CE1-9849-E25732938960}.Debug|Any CPU.ActiveCfg = Debug|Any CPU
		{2C573ADD-4B09-4CE1-9849-E25732938960}.Debug|Any CPU.Build.0 = Debug|Any CPU
		{2C573ADD-4B09-4CE1-9849-E25732938960}.Debug|Mixed Platforms.ActiveCfg = Debug|Any CPU
		{2C573ADD-4B09-4CE1-9849-E25732938960}.Debug|Mixed Platforms.Build.0 = Debug|Any CPU
		{2C573ADD-4B09-4CE1-9849-E25732938960}.Release|.NET.ActiveCfg = Release|Any CPU
		{2C573ADD-4B09-4CE1-9849-E25732938960}.Release|Any CPU.ActiveCfg = Release|Any CPU
		{2C573ADD-4B09-4CE1-9849-E25732938960}.Release|Any CPU.Build.0 = Release|Any CPU
		{2C573ADD-4B09-4CE1-9849-E25732938960}.Release|Mixed Platforms.ActiveCfg = Release|Any CPU
		{2C573ADD-4B09-4CE1-9849-E25732938960}.Release|Mixed Platforms.Build.0 = Release|Any CPU
		{23121FD0-FF0B-452C-85F5-47AF5CBD586C}.Debug|.NET.ActiveCfg = Debug|Any CPU
		{23121FD0-FF0B-452C-85F5-47AF5CBD586C}.Debug|Any CPU.ActiveCfg = Debug|Any CPU
		{23121FD0-FF0B-452C-85F5-47AF5CBD586C}.Debug|Any CPU.Build.0 = Debug|Any CPU
		{23121FD0-FF0B-452C-85F5-47AF5CBD586C}.Debug|Mixed Platforms.ActiveCfg = Debug|Any CPU
		{23121FD0-FF0B-452C-85F5-47AF5CBD586C}.Debug|Mixed Platforms.Build.0 = Debug|Any CPU
		{23121FD0-FF0B-452C-85F5-47AF5CBD586C}.Release|.NET.ActiveCfg = Release|Any CPU
		{23121FD0-FF0B-452C-85F5-47AF5CBD586C}.Release|Any CPU.ActiveCfg = Release|Any CPU
		{23121FD0-FF0B-452C-85F5-47AF5CBD586C}.Release|Any CPU.Build.0 = Release|Any CPU
		{23121FD0-FF0B-452C-85F5-47AF5CBD586C}.Release|Mixed Platforms.ActiveCfg = Release|Any CPU
		{23121FD0-FF0B-452C-85F5-47AF5CBD586C}.Release|Mixed Platforms.Build.0 = Release|Any CPU
		{499E7B72-D9AF-4435-8C69-BBE841C86F03}.Debug|.NET.ActiveCfg = Debug|Any CPU
		{499E7B72-D9AF-4435-8C69-BBE841C86F03}.Debug|Any CPU.ActiveCfg = Debug|Any CPU
		{499E7B72-D9AF-4435-8C69-BBE841C86F03}.Debug|Any CPU.Build.0 = Debug|Any CPU
		{499E7B72-D9AF-4435-8C69-BBE841C86F03}.Debug|Mixed Platforms.ActiveCfg = Debug|Any CPU
		{499E7B72-D9AF-4435-8C69-BBE841C86F03}.Debug|Mixed Platforms.Build.0 = Debug|Any CPU
		{499E7B72-D9AF-4435-8C69-BBE841C86F03}.Release|.NET.ActiveCfg = Release|Any CPU
		{499E7B72-D9AF-4435-8C69-BBE841C86F03}.Release|Any CPU.ActiveCfg = Release|Any CPU
		{499E7B72-D9AF-4435-8C69-BBE841C86F03}.Release|Any CPU.Build.0 = Release|Any CPU
		{499E7B72-D9AF-4435-8C69-BBE841C86F03}.Release|Mixed Platforms.ActiveCfg = Release|Any CPU
		{499E7B72-D9AF-4435-8C69-BBE841C86F03}.Release|Mixed Platforms.Build.0 = Release|Any CPU
		{D7FC5FC7-B51D-4524-8047-75A9CD405671}.Debug|.NET.ActiveCfg = Debug|Any CPU
		{D7FC5FC7-B51D-4524-8047-75A9CD405671}.Debug|Any CPU.ActiveCfg = Debug|Any CPU
		{D7FC5FC7-B51D-4524-8047-75A9CD405671}.Debug|Any CPU.Build.0 = Debug|Any CPU
		{D7FC5FC7-B51D-4524-8047-75A9CD405671}.Debug|Mixed Platforms.ActiveCfg = Debug|Any CPU
		{D7FC5FC7-B51D-4524-8047-75A9CD405671}.Debug|Mixed Platforms.Build.0 = Debug|Any CPU
		{D7FC5FC7-B51D-4524-8047-75A9CD405671}.Release|.NET.ActiveCfg = Release|Any CPU
		{D7FC5FC7-B51D-4524-8047-75A9CD405671}.Release|Any CPU.ActiveCfg = Release|Any CPU
		{D7FC5FC7-B51D-4524-8047-75A9CD405671}.Release|Any CPU.Build.0 = Release|Any CPU
		{D7FC5FC7-B51D-4524-8047-75A9CD405671}.Release|Mixed Platforms.ActiveCfg = Release|Any CPU
		{D7FC5FC7-B51D-4524-8047-75A9CD405671}.Release|Mixed Platforms.Build.0 = Release|Any CPU
		{44697772-09C1-4B28-B3F5-C28B693B06F7}.Debug|.NET.ActiveCfg = Debug|Any CPU
		{44697772-09C1-4B28-B3F5-C28B693B06F7}.Debug|Any CPU.ActiveCfg = Debug|Any CPU
		{44697772-09C1-4B28-B3F5-C28B693B06F7}.Debug|Any CPU.Build.0 = Debug|Any CPU
		{44697772-09C1-4B28-B3F5-C28B693B06F7}.Debug|Mixed Platforms.ActiveCfg = Debug|Any CPU
		{44697772-09C1-4B28-B3F5-C28B693B06F7}.Debug|Mixed Platforms.Build.0 = Debug|Any CPU
		{44697772-09C1-4B28-B3F5-C28B693B06F7}.Release|.NET.ActiveCfg = Release|Any CPU
		{44697772-09C1-4B28-B3F5-C28B693B06F7}.Release|Any CPU.ActiveCfg = Release|Any CPU
		{44697772-09C1-4B28-B3F5-C28B693B06F7}.Release|Any CPU.Build.0 = Release|Any CPU
		{44697772-09C1-4B28-B3F5-C28B693B06F7}.Release|Mixed Platforms.ActiveCfg = Release|Any CPU
		{44697772-09C1-4B28-B3F5-C28B693B06F7}.Release|Mixed Platforms.Build.0 = Release|Any CPU
		{036B2F92-F9C0-43CB-B00B-06A61B1C390D}.Debug|.NET.ActiveCfg = Debug|Any CPU
		{036B2F92-F9C0-43CB-B00B-06A61B1C390D}.Debug|Any CPU.ActiveCfg = Debug|Any CPU
		{036B2F92-F9C0-43CB-B00B-06A61B1C390D}.Debug|Any CPU.Build.0 = Debug|Any CPU
		{036B2F92-F9C0-43CB-B00B-06A61B1C390D}.Debug|Mixed Platforms.ActiveCfg = Debug|Any CPU
		{036B2F92-F9C0-43CB-B00B-06A61B1C390D}.Debug|Mixed Platforms.Build.0 = Debug|Any CPU
		{036B2F92-F9C0-43CB-B00B-06A61B1C390D}.Release|.NET.ActiveCfg = Release|Any CPU
		{036B2F92-F9C0-43CB-B00B-06A61B1C390D}.Release|Any CPU.ActiveCfg = Release|Any CPU
		{036B2F92-F9C0-43CB-B00B-06A61B1C390D}.Release|Any CPU.Build.0 = Release|Any CPU
		{036B2F92-F9C0-43CB-B00B-06A61B1C390D}.Release|Mixed Platforms.ActiveCfg = Release|Any CPU
		{036B2F92-F9C0-43CB-B00B-06A61B1C390D}.Release|Mixed Platforms.Build.0 = Release|Any CPU
		{4D26AD7F-0482-4B2D-A5A6-A1AE338B4F4D}.Debug|.NET.ActiveCfg = Debug|Any CPU
		{4D26AD7F-0482-4B2D-A5A6-A1AE338B4F4D}.Debug|Any CPU.ActiveCfg = Debug|Any CPU
		{4D26AD7F-0482-4B2D-A5A6-A1AE338B4F4D}.Debug|Any CPU.Build.0 = Debug|Any CPU
		{4D26AD7F-0482-4B2D-A5A6-A1AE338B4F4D}.Debug|Mixed Platforms.ActiveCfg = Debug|Any CPU
		{4D26AD7F-0482-4B2D-A5A6-A1AE338B4F4D}.Debug|Mixed Platforms.Build.0 = Debug|Any CPU
		{4D26AD7F-0482-4B2D-A5A6-A1AE338B4F4D}.Release|.NET.ActiveCfg = Release|Any CPU
		{4D26AD7F-0482-4B2D-A5A6-A1AE338B4F4D}.Release|Any CPU.ActiveCfg = Release|Any CPU
		{4D26AD7F-0482-4B2D-A5A6-A1AE338B4F4D}.Release|Any CPU.Build.0 = Release|Any CPU
		{4D26AD7F-0482-4B2D-A5A6-A1AE338B4F4D}.Release|Mixed Platforms.ActiveCfg = Release|Any CPU
		{4D26AD7F-0482-4B2D-A5A6-A1AE338B4F4D}.Release|Mixed Platforms.Build.0 = Release|Any CPU
		{B401F477-3472-4C70-B3FE-D094703709F8}.Debug|.NET.ActiveCfg = Debug|Any CPU
		{B401F477-3472-4C70-B3FE-D094703709F8}.Debug|Any CPU.ActiveCfg = Debug|Any CPU
		{B401F477-3472-4C70-B3FE-D094703709F8}.Debug|Any CPU.Build.0 = Debug|Any CPU
		{B401F477-3472-4C70-B3FE-D094703709F8}.Debug|Mixed Platforms.ActiveCfg = Debug|Any CPU
		{B401F477-3472-4C70-B3FE-D094703709F8}.Debug|Mixed Platforms.Build.0 = Debug|Any CPU
		{B401F477-3472-4C70-B3FE-D094703709F8}.Release|.NET.ActiveCfg = Release|Any CPU
		{B401F477-3472-4C70-B3FE-D094703709F8}.Release|Any CPU.ActiveCfg = Release|Any CPU
		{B401F477-3472-4C70-B3FE-D094703709F8}.Release|Any CPU.Build.0 = Release|Any CPU
		{B401F477-3472-4C70-B3FE-D094703709F8}.Release|Mixed Platforms.ActiveCfg = Release|Any CPU
		{B401F477-3472-4C70-B3FE-D094703709F8}.Release|Mixed Platforms.Build.0 = Release|Any CPU
		{082B65A7-CDC8-471B-88A9-BA017FC9E80F}.Debug|.NET.ActiveCfg = Debug|Any CPU
		{082B65A7-CDC8-471B-88A9-BA017FC9E80F}.Debug|Any CPU.ActiveCfg = Debug|Any CPU
		{082B65A7-CDC8-471B-88A9-BA017FC9E80F}.Debug|Any CPU.Build.0 = Debug|Any CPU
		{082B65A7-CDC8-471B-88A9-BA017FC9E80F}.Debug|Mixed Platforms.ActiveCfg = Debug|Any CPU
		{082B65A7-CDC8-471B-88A9-BA017FC9E80F}.Debug|Mixed Platforms.Build.0 = Debug|Any CPU
		{082B65A7-CDC8-471B-88A9-BA017FC9E80F}.Release|.NET.ActiveCfg = Release|Any CPU
		{082B65A7-CDC8-471B-88A9-BA017FC9E80F}.Release|Any CPU.ActiveCfg = Release|Any CPU
		{082B65A7-CDC8-471B-88A9-BA017FC9E80F}.Release|Any CPU.Build.0 = Release|Any CPU
		{082B65A7-CDC8-471B-88A9-BA017FC9E80F}.Release|Mixed Platforms.ActiveCfg = Release|Any CPU
		{082B65A7-CDC8-471B-88A9-BA017FC9E80F}.Release|Mixed Platforms.Build.0 = Release|Any CPU
		{7FB67A64-F5F3-482A-9FC3-B4C63072BA22}.Debug|.NET.ActiveCfg = Debug|Any CPU
		{7FB67A64-F5F3-482A-9FC3-B4C63072BA22}.Debug|Any CPU.ActiveCfg = Debug|Any CPU
		{7FB67A64-F5F3-482A-9FC3-B4C63072BA22}.Debug|Any CPU.Build.0 = Debug|Any CPU
		{7FB67A64-F5F3-482A-9FC3-B4C63072BA22}.Debug|Mixed Platforms.ActiveCfg = Debug|Any CPU
		{7FB67A64-F5F3-482A-9FC3-B4C63072BA22}.Debug|Mixed Platforms.Build.0 = Debug|Any CPU
		{7FB67A64-F5F3-482A-9FC3-B4C63072BA22}.Release|.NET.ActiveCfg = Release|Any CPU
		{7FB67A64-F5F3-482A-9FC3-B4C63072BA22}.Release|Any CPU.ActiveCfg = Release|Any CPU
		{7FB67A64-F5F3-482A-9FC3-B4C63072BA22}.Release|Any CPU.Build.0 = Release|Any CPU
		{7FB67A64-F5F3-482A-9FC3-B4C63072BA22}.Release|Mixed Platforms.ActiveCfg = Release|Any CPU
		{7FB67A64-F5F3-482A-9FC3-B4C63072BA22}.Release|Mixed Platforms.Build.0 = Release|Any CPU
		{72A5D78D-0714-4C8B-9A80-4E614CB9FFBE}.Debug|.NET.ActiveCfg = Debug|Any CPU
		{72A5D78D-0714-4C8B-9A80-4E614CB9FFBE}.Debug|Any CPU.ActiveCfg = Debug|Any CPU
		{72A5D78D-0714-4C8B-9A80-4E614CB9FFBE}.Debug|Any CPU.Build.0 = Debug|Any CPU
		{72A5D78D-0714-4C8B-9A80-4E614CB9FFBE}.Debug|Mixed Platforms.ActiveCfg = Debug|Any CPU
		{72A5D78D-0714-4C8B-9A80-4E614CB9FFBE}.Debug|Mixed Platforms.Build.0 = Debug|Any CPU
		{72A5D78D-0714-4C8B-9A80-4E614CB9FFBE}.Release|.NET.ActiveCfg = Release|Any CPU
		{72A5D78D-0714-4C8B-9A80-4E614CB9FFBE}.Release|Any CPU.ActiveCfg = Release|Any CPU
		{72A5D78D-0714-4C8B-9A80-4E614CB9FFBE}.Release|Any CPU.Build.0 = Release|Any CPU
		{72A5D78D-0714-4C8B-9A80-4E614CB9FFBE}.Release|Mixed Platforms.ActiveCfg = Release|Any CPU
		{72A5D78D-0714-4C8B-9A80-4E614CB9FFBE}.Release|Mixed Platforms.Build.0 = Release|Any CPU
		{E682693C-DC17-4C46-BB57-6DC2C2B02555}.Debug|.NET.ActiveCfg = Debug|Any CPU
		{E682693C-DC17-4C46-BB57-6DC2C2B02555}.Debug|Any CPU.ActiveCfg = Debug|Any CPU
		{E682693C-DC17-4C46-BB57-6DC2C2B02555}.Debug|Any CPU.Build.0 = Debug|Any CPU
		{E682693C-DC17-4C46-BB57-6DC2C2B02555}.Debug|Mixed Platforms.ActiveCfg = Debug|Any CPU
		{E682693C-DC17-4C46-BB57-6DC2C2B02555}.Debug|Mixed Platforms.Build.0 = Debug|Any CPU
		{E682693C-DC17-4C46-BB57-6DC2C2B02555}.Release|.NET.ActiveCfg = Release|Any CPU
		{E682693C-DC17-4C46-BB57-6DC2C2B02555}.Release|Any CPU.ActiveCfg = Release|Any CPU
		{E682693C-DC17-4C46-BB57-6DC2C2B02555}.Release|Any CPU.Build.0 = Release|Any CPU
		{E682693C-DC17-4C46-BB57-6DC2C2B02555}.Release|Mixed Platforms.ActiveCfg = Release|Any CPU
		{E682693C-DC17-4C46-BB57-6DC2C2B02555}.Release|Mixed Platforms.Build.0 = Release|Any CPU
		{A598DC05-2E62-4114-AC3E-A6E58E085AFF}.Debug|.NET.ActiveCfg = Debug|Any CPU
		{A598DC05-2E62-4114-AC3E-A6E58E085AFF}.Debug|Any CPU.ActiveCfg = Debug|Any CPU
		{A598DC05-2E62-4114-AC3E-A6E58E085AFF}.Debug|Any CPU.Build.0 = Debug|Any CPU
		{A598DC05-2E62-4114-AC3E-A6E58E085AFF}.Debug|Mixed Platforms.ActiveCfg = Debug|Any CPU
		{A598DC05-2E62-4114-AC3E-A6E58E085AFF}.Debug|Mixed Platforms.Build.0 = Debug|Any CPU
		{A598DC05-2E62-4114-AC3E-A6E58E085AFF}.Release|.NET.ActiveCfg = Release|Any CPU
		{A598DC05-2E62-4114-AC3E-A6E58E085AFF}.Release|Any CPU.ActiveCfg = Release|Any CPU
		{A598DC05-2E62-4114-AC3E-A6E58E085AFF}.Release|Any CPU.Build.0 = Release|Any CPU
		{A598DC05-2E62-4114-AC3E-A6E58E085AFF}.Release|Mixed Platforms.ActiveCfg = Release|Any CPU
		{A598DC05-2E62-4114-AC3E-A6E58E085AFF}.Release|Mixed Platforms.Build.0 = Release|Any CPU
	EndGlobalSection
	GlobalSection(SolutionProperties) = preSolution
		HideSolutionNode = FALSE
	EndGlobalSection
	GlobalSection(NestedProjects) = preSolution
		{ADC07038-4AAC-45E4-B652-75A971A413A5} = {A3E1635B-ECA0-46B2-B9BD-CA9340A23257}
		{1DE849F3-EA26-43A8-9D49-32B6FECBF0AA} = {A3E1635B-ECA0-46B2-B9BD-CA9340A23257}
		{EDF31192-A159-48DA-A737-9935A8A5BC18} = {A3E1635B-ECA0-46B2-B9BD-CA9340A23257}
		{499E7B72-D9AF-4435-8C69-BBE841C86F03} = {A3E1635B-ECA0-46B2-B9BD-CA9340A23257}
		{D7FC5FC7-B51D-4524-8047-75A9CD405671} = {A3E1635B-ECA0-46B2-B9BD-CA9340A23257}
		{44697772-09C1-4B28-B3F5-C28B693B06F7} = {A3E1635B-ECA0-46B2-B9BD-CA9340A23257}
		{4D26AD7F-0482-4B2D-A5A6-A1AE338B4F4D} = {A3E1635B-ECA0-46B2-B9BD-CA9340A23257}
		{E682693C-DC17-4C46-BB57-6DC2C2B02555} = {A3E1635B-ECA0-46B2-B9BD-CA9340A23257}
		{A598DC05-2E62-4114-AC3E-A6E58E085AFF} = {A3E1635B-ECA0-46B2-B9BD-CA9340A23257}
		{9DE22C67-7C2A-4321-8501-68F024E541D5} = {4CFBCFAB-08CD-4F5B-99FA-5BA79252B520}
		{DAC5D35D-971A-49BD-AA64-2018F8C18E37} = {4CFBCFAB-08CD-4F5B-99FA-5BA79252B520}
		{1D81D88C-CB3C-43E0-A305-DA26DAD04DB9} = {4CFBCFAB-08CD-4F5B-99FA-5BA79252B520}
		{95EF905E-1744-4C55-A766-970DFEBF4B21} = {4CFBCFAB-08CD-4F5B-99FA-5BA79252B520}
		{D62E5B76-9561-48BC-864A-F934DA28736C} = {4CFBCFAB-08CD-4F5B-99FA-5BA79252B520}
		{2DF66133-1618-4935-921E-BFF784735C3A} = {4CFBCFAB-08CD-4F5B-99FA-5BA79252B520}
		{52E712D4-946B-4DFE-B7AD-A1383AEE9146} = {4CFBCFAB-08CD-4F5B-99FA-5BA79252B520}
		{C0B374F5-F9D9-4113-9C2D-6E50B1164388} = {4CFBCFAB-08CD-4F5B-99FA-5BA79252B520}
		{9E28F403-67DD-430E-BF7E-5DC59CF78E14} = {4CFBCFAB-08CD-4F5B-99FA-5BA79252B520}
		{9FBF63D5-1C80-43F0-8CDA-702A08ED3C58} = {4CFBCFAB-08CD-4F5B-99FA-5BA79252B520}
		{752A863D-9C63-4788-AAD9-8FCE11F21871} = {4CFBCFAB-08CD-4F5B-99FA-5BA79252B520}
		{0B806A13-4B08-4855-AE3A-578057DB09CD} = {4CFBCFAB-08CD-4F5B-99FA-5BA79252B520}
		{2C573ADD-4B09-4CE1-9849-E25732938960} = {4CFBCFAB-08CD-4F5B-99FA-5BA79252B520}
		{23121FD0-FF0B-452C-85F5-47AF5CBD586C} = {4CFBCFAB-08CD-4F5B-99FA-5BA79252B520}
		{72A5D78D-0714-4C8B-9A80-4E614CB9FFBE} = {4CFBCFAB-08CD-4F5B-99FA-5BA79252B520}
		{DB0E4C93-A1E6-43DA-A068-8FDEAC9F30BE} = {07C16165-F4BA-4344-AEDE-A1DA33CEDB4C}
		{FF0437D2-EA6D-4451-BE7A-666C7675B9EC} = {07C16165-F4BA-4344-AEDE-A1DA33CEDB4C}
		{4383BA85-3EF8-4B18-9CA1-5D5A9A93135A} = {07C16165-F4BA-4344-AEDE-A1DA33CEDB4C}
		{86FD6898-29AE-4C6E-A3FA-D396345367CD} = {07C16165-F4BA-4344-AEDE-A1DA33CEDB4C}
		{8E00DA87-C4EC-4E72-AC41-801A1116AB96} = {07C16165-F4BA-4344-AEDE-A1DA33CEDB4C}
		{70F14126-DC82-448F-9642-EF529DAC9C78} = {07C16165-F4BA-4344-AEDE-A1DA33CEDB4C}
		{B401F477-3472-4C70-B3FE-D094703709F8} = {07C16165-F4BA-4344-AEDE-A1DA33CEDB4C}
		{7FB67A64-F5F3-482A-9FC3-B4C63072BA22} = {07C16165-F4BA-4344-AEDE-A1DA33CEDB4C}
		{F7AAF6FC-8DB9-4DA1-A06B-CEF47DC23355} = {753EB1D7-133F-48AC-A14F-AE083BA0A9D2}
		{22840ACF-2626-4F01-A6F4-9F7425387074} = {753EB1D7-133F-48AC-A14F-AE083BA0A9D2}
		{13F8303C-64C6-4420-B957-E6F557BF4D43} = {753EB1D7-133F-48AC-A14F-AE083BA0A9D2}
		{082B65A7-CDC8-471B-88A9-BA017FC9E80F} = {753EB1D7-133F-48AC-A14F-AE083BA0A9D2}
	EndGlobalSection
EndGlobal
